// !$*UTF8*$!
{
	archiveVersion = 1;
	classes = {
	};
	objectVersion = 50;
	objects = {

/* Begin PBXBuildFile section */
		BB22B4AC290FD0750032AB8C /* AppDelegate.swift in Sources */ = {isa = PBXBuildFile; fileRef = BB22B4AB290FD0750032AB8C /* AppDelegate.swift */; };
		BB22B4AE290FD0750032AB8C /* SceneDelegate.swift in Sources */ = {isa = PBXBuildFile; fileRef = BB22B4AD290FD0750032AB8C /* SceneDelegate.swift */; };
		BB22B4B0290FD0750032AB8C /* LoginViewController.swift in Sources */ = {isa = PBXBuildFile; fileRef = BB22B4AF290FD0750032AB8C /* LoginViewController.swift */; };
		BB22B4B3290FD0750032AB8C /* Main.storyboard in Resources */ = {isa = PBXBuildFile; fileRef = BB22B4B1290FD0750032AB8C /* Main.storyboard */; };
		BB22B4B5290FD0790032AB8C /* Assets.xcassets in Resources */ = {isa = PBXBuildFile; fileRef = BB22B4B4290FD0790032AB8C /* Assets.xcassets */; };
		BB22B4B8290FD0790032AB8C /* LaunchScreen.storyboard in Resources */ = {isa = PBXBuildFile; fileRef = BB22B4B6290FD0790032AB8C /* LaunchScreen.storyboard */; };
		BB22B4EB2910631C0032AB8C /* Color.xcassets in Resources */ = {isa = PBXBuildFile; fileRef = BB22B4EA2910631C0032AB8C /* Color.xcassets */; };
		BB2BD9DF2918ED880021C5C6 /* AvatarView.swift in Sources */ = {isa = PBXBuildFile; fileRef = BB2BD9DE2918ED880021C5C6 /* AvatarView.swift */; };
		BB384FC4291D8ADF00DB8F8E /* ForTransitionController.swift in Sources */ = {isa = PBXBuildFile; fileRef = BB384FC3291D8ADF00DB8F8E /* ForTransitionController.swift */; };
		BB47E0BB291908BF0019CF8F /* LikesControl.swift in Sources */ = {isa = PBXBuildFile; fileRef = BB47E0BA291908BF0019CF8F /* LikesControl.swift */; };
		BB47E0E1291A70AD0019CF8F /* NewsCell.swift in Sources */ = {isa = PBXBuildFile; fileRef = BB47E0DF291A70AD0019CF8F /* NewsCell.swift */; };
		BB47E0E2291A70AD0019CF8F /* NewsCell.xib in Resources */ = {isa = PBXBuildFile; fileRef = BB47E0E0291A70AD0019CF8F /* NewsCell.xib */; };
		BB47E0E5291A70F40019CF8F /* NewsController.swift in Sources */ = {isa = PBXBuildFile; fileRef = BB47E0E4291A70F40019CF8F /* NewsController.swift */; };
		BB47E0E8291A82EE0019CF8F /* News.swift in Sources */ = {isa = PBXBuildFile; fileRef = BB47E0E7291A82EE0019CF8F /* News.swift */; };
		BB47E0EC291B0A9D0019CF8F /* LoaderView.swift in Sources */ = {isa = PBXBuildFile; fileRef = BB47E0EB291B0A9D0019CF8F /* LoaderView.swift */; };
		BB51D829291DF0BF0020B639 /* CustomPushAnimator.swift in Sources */ = {isa = PBXBuildFile; fileRef = BB51D828291DF0BF0020B639 /* CustomPushAnimator.swift */; };
		BB51D82C291DF0ED0020B639 /* CustomPopAnimator.swift in Sources */ = {isa = PBXBuildFile; fileRef = BB51D82B291DF0ED0020B639 /* CustomPopAnimator.swift */; };
		BB51D82F291DF1540020B639 /* CustomNavigationController.swift in Sources */ = {isa = PBXBuildFile; fileRef = BB51D82E291DF1540020B639 /* CustomNavigationController.swift */; };
		BB51D833291DF27A0020B639 /* CustomInteractiveTransition.swift in Sources */ = {isa = PBXBuildFile; fileRef = BB51D832291DF27A0020B639 /* CustomInteractiveTransition.swift */; };
		BB8B3B3E29129B1500346D00 /* UIViewController+Extension.swift in Sources */ = {isa = PBXBuildFile; fileRef = BB8B3B3D29129B1500346D00 /* UIViewController+Extension.swift */; };
		BB8B3B542913CD5800346D00 /* FriendsController.swift in Sources */ = {isa = PBXBuildFile; fileRef = BB8B3B532913CD5800346D00 /* FriendsController.swift */; };
		BB8B3B582913CD7900346D00 /* FriendTableCell.swift in Sources */ = {isa = PBXBuildFile; fileRef = BB8B3B572913CD7900346D00 /* FriendTableCell.swift */; };
		BB8B3B5B2913CE7400346D00 /* User.swift in Sources */ = {isa = PBXBuildFile; fileRef = BB8B3B5A2913CE7400346D00 /* User.swift */; };
		BB8B3B5F2913E02800346D00 /* OneFriendController.swift in Sources */ = {isa = PBXBuildFile; fileRef = BB8B3B5E2913E02800346D00 /* OneFriendController.swift */; };
		BB8B3B622913E04800346D00 /* OneFriendCell.swift in Sources */ = {isa = PBXBuildFile; fileRef = BB8B3B612913E04800346D00 /* OneFriendCell.swift */; };
		BB8B3B662913FAF400346D00 /* GroupsController.swift in Sources */ = {isa = PBXBuildFile; fileRef = BB8B3B652913FAF400346D00 /* GroupsController.swift */; };
		BB8B3B692913FB1600346D00 /* GroupTableCell.swift in Sources */ = {isa = PBXBuildFile; fileRef = BB8B3B682913FB1600346D00 /* GroupTableCell.swift */; };
		BB8B3B6C2913FB2100346D00 /* Group.swift in Sources */ = {isa = PBXBuildFile; fileRef = BB8B3B6B2913FB2100346D00 /* Group.swift */; };
		BB8B3B6F291402C200346D00 /* NewGroupsController.swift in Sources */ = {isa = PBXBuildFile; fileRef = BB8B3B6E291402C200346D00 /* NewGroupsController.swift */; };
		BBFA6694291CDF0300D2EF63 /* OneFriendWithSwipeController.swift in Sources */ = {isa = PBXBuildFile; fileRef = BBFA6693291CDF0300D2EF63 /* OneFriendWithSwipeController.swift */; };
/* End PBXBuildFile section */

/* Begin PBXFileReference section */
		BB22B4A8290FD0750032AB8C /* VKapp.app */ = {isa = PBXFileReference; explicitFileType = wrapper.application; includeInIndex = 0; path = VKapp.app; sourceTree = BUILT_PRODUCTS_DIR; };
		BB22B4AB290FD0750032AB8C /* AppDelegate.swift */ = {isa = PBXFileReference; lastKnownFileType = sourcecode.swift; path = AppDelegate.swift; sourceTree = "<group>"; };
		BB22B4AD290FD0750032AB8C /* SceneDelegate.swift */ = {isa = PBXFileReference; lastKnownFileType = sourcecode.swift; path = SceneDelegate.swift; sourceTree = "<group>"; };
		BB22B4AF290FD0750032AB8C /* LoginViewController.swift */ = {isa = PBXFileReference; lastKnownFileType = sourcecode.swift; path = LoginViewController.swift; sourceTree = "<group>"; };
		BB22B4B2290FD0750032AB8C /* Base */ = {isa = PBXFileReference; lastKnownFileType = file.storyboard; name = Base; path = Base.lproj/Main.storyboard; sourceTree = "<group>"; };
		BB22B4B4290FD0790032AB8C /* Assets.xcassets */ = {isa = PBXFileReference; lastKnownFileType = folder.assetcatalog; path = Assets.xcassets; sourceTree = "<group>"; };
		BB22B4B7290FD0790032AB8C /* Base */ = {isa = PBXFileReference; lastKnownFileType = file.storyboard; name = Base; path = Base.lproj/LaunchScreen.storyboard; sourceTree = "<group>"; };
		BB22B4B9290FD0790032AB8C /* Info.plist */ = {isa = PBXFileReference; lastKnownFileType = text.plist.xml; path = Info.plist; sourceTree = "<group>"; };
		BB22B4EA2910631C0032AB8C /* Color.xcassets */ = {isa = PBXFileReference; lastKnownFileType = folder.assetcatalog; path = Color.xcassets; sourceTree = "<group>"; };
		BB2BD9DE2918ED880021C5C6 /* AvatarView.swift */ = {isa = PBXFileReference; lastKnownFileType = sourcecode.swift; path = AvatarView.swift; sourceTree = "<group>"; };
		BB384FC3291D8ADF00DB8F8E /* ForTransitionController.swift */ = {isa = PBXFileReference; lastKnownFileType = sourcecode.swift; path = ForTransitionController.swift; sourceTree = "<group>"; };
		BB47E0BA291908BF0019CF8F /* LikesControl.swift */ = {isa = PBXFileReference; lastKnownFileType = sourcecode.swift; path = LikesControl.swift; sourceTree = "<group>"; };
		BB47E0DF291A70AD0019CF8F /* NewsCell.swift */ = {isa = PBXFileReference; lastKnownFileType = sourcecode.swift; path = NewsCell.swift; sourceTree = "<group>"; };
		BB47E0E0291A70AD0019CF8F /* NewsCell.xib */ = {isa = PBXFileReference; lastKnownFileType = file.xib; path = NewsCell.xib; sourceTree = "<group>"; };
		BB47E0E4291A70F40019CF8F /* NewsController.swift */ = {isa = PBXFileReference; lastKnownFileType = sourcecode.swift; path = NewsController.swift; sourceTree = "<group>"; };
		BB47E0E7291A82EE0019CF8F /* News.swift */ = {isa = PBXFileReference; lastKnownFileType = sourcecode.swift; path = News.swift; sourceTree = "<group>"; };
		BB47E0EB291B0A9D0019CF8F /* LoaderView.swift */ = {isa = PBXFileReference; lastKnownFileType = sourcecode.swift; path = LoaderView.swift; sourceTree = "<group>"; };
		BB51D828291DF0BF0020B639 /* CustomPushAnimator.swift */ = {isa = PBXFileReference; lastKnownFileType = sourcecode.swift; path = CustomPushAnimator.swift; sourceTree = "<group>"; };
		BB51D82B291DF0ED0020B639 /* CustomPopAnimator.swift */ = {isa = PBXFileReference; lastKnownFileType = sourcecode.swift; path = CustomPopAnimator.swift; sourceTree = "<group>"; };
		BB51D82E291DF1540020B639 /* CustomNavigationController.swift */ = {isa = PBXFileReference; lastKnownFileType = sourcecode.swift; path = CustomNavigationController.swift; sourceTree = "<group>"; };
		BB51D832291DF27A0020B639 /* CustomInteractiveTransition.swift */ = {isa = PBXFileReference; lastKnownFileType = sourcecode.swift; path = CustomInteractiveTransition.swift; sourceTree = "<group>"; };
		BB8B3B3D29129B1500346D00 /* UIViewController+Extension.swift */ = {isa = PBXFileReference; lastKnownFileType = sourcecode.swift; path = "UIViewController+Extension.swift"; sourceTree = "<group>"; };
		BB8B3B532913CD5800346D00 /* FriendsController.swift */ = {isa = PBXFileReference; lastKnownFileType = sourcecode.swift; path = FriendsController.swift; sourceTree = "<group>"; };
		BB8B3B572913CD7900346D00 /* FriendTableCell.swift */ = {isa = PBXFileReference; lastKnownFileType = sourcecode.swift; path = FriendTableCell.swift; sourceTree = "<group>"; };
		BB8B3B5A2913CE7400346D00 /* User.swift */ = {isa = PBXFileReference; lastKnownFileType = sourcecode.swift; path = User.swift; sourceTree = "<group>"; };
		BB8B3B5E2913E02800346D00 /* OneFriendController.swift */ = {isa = PBXFileReference; lastKnownFileType = sourcecode.swift; path = OneFriendController.swift; sourceTree = "<group>"; };
		BB8B3B612913E04800346D00 /* OneFriendCell.swift */ = {isa = PBXFileReference; lastKnownFileType = sourcecode.swift; path = OneFriendCell.swift; sourceTree = "<group>"; };
		BB8B3B652913FAF400346D00 /* GroupsController.swift */ = {isa = PBXFileReference; lastKnownFileType = sourcecode.swift; path = GroupsController.swift; sourceTree = "<group>"; };
		BB8B3B682913FB1600346D00 /* GroupTableCell.swift */ = {isa = PBXFileReference; lastKnownFileType = sourcecode.swift; path = GroupTableCell.swift; sourceTree = "<group>"; };
		BB8B3B6B2913FB2100346D00 /* Group.swift */ = {isa = PBXFileReference; lastKnownFileType = sourcecode.swift; path = Group.swift; sourceTree = "<group>"; };
		BB8B3B6E291402C200346D00 /* NewGroupsController.swift */ = {isa = PBXFileReference; lastKnownFileType = sourcecode.swift; path = NewGroupsController.swift; sourceTree = "<group>"; };
		BBFA6693291CDF0300D2EF63 /* OneFriendWithSwipeController.swift */ = {isa = PBXFileReference; lastKnownFileType = sourcecode.swift; path = OneFriendWithSwipeController.swift; sourceTree = "<group>"; };
/* End PBXFileReference section */

/* Begin PBXFrameworksBuildPhase section */
		BB22B4A5290FD0750032AB8C /* Frameworks */ = {
			isa = PBXFrameworksBuildPhase;
			buildActionMask = 2147483647;
			files = (
			);
			runOnlyForDeploymentPostprocessing = 0;
		};
/* End PBXFrameworksBuildPhase section */

/* Begin PBXGroup section */
		BB22B49F290FD0750032AB8C = {
			isa = PBXGroup;
			children = (
				BB22B4AA290FD0750032AB8C /* VKapp */,
				BB22B4A9290FD0750032AB8C /* Products */,
			);
			sourceTree = "<group>";
		};
		BB22B4A9290FD0750032AB8C /* Products */ = {
			isa = PBXGroup;
			children = (
				BB22B4A8290FD0750032AB8C /* VKapp.app */,
			);
			name = Products;
			sourceTree = "<group>";
		};
		BB22B4AA290FD0750032AB8C /* VKapp */ = {
			isa = PBXGroup;
			children = (
				BB51D827291DF08E0020B639 /* SetTransitions */,
				BB47E0B9291908900019CF8F /* Controls */,
				BB2BD9DD2918ED430021C5C6 /* Cells */,
				BB2BD9DC2918EC140021C5C6 /* Views */,
				BB2BD9DB2918EC0C0021C5C6 /* Models */,
				BB2BD9DA2918EC000021C5C6 /* Controllers */,
				BB8B3B3C29129AAE00346D00 /* Extensions */,
				BB22B4AB290FD0750032AB8C /* AppDelegate.swift */,
				BB22B4AD290FD0750032AB8C /* SceneDelegate.swift */,
				BB22B4B1290FD0750032AB8C /* Main.storyboard */,
				BB22B4B4290FD0790032AB8C /* Assets.xcassets */,
				BB22B4EA2910631C0032AB8C /* Color.xcassets */,
				BB22B4B6290FD0790032AB8C /* LaunchScreen.storyboard */,
				BB22B4B9290FD0790032AB8C /* Info.plist */,
			);
			path = VKapp;
			sourceTree = "<group>";
		};
		BB2BD9DA2918EC000021C5C6 /* Controllers */ = {
			isa = PBXGroup;
			children = (
				BB22B4AF290FD0750032AB8C /* LoginViewController.swift */,
				BB8B3B6E291402C200346D00 /* NewGroupsController.swift */,
				BB8B3B5E2913E02800346D00 /* OneFriendController.swift */,
				BB8B3B532913CD5800346D00 /* FriendsController.swift */,
				BB8B3B652913FAF400346D00 /* GroupsController.swift */,
				BB47E0E4291A70F40019CF8F /* NewsController.swift */,
				BB384FC3291D8ADF00DB8F8E /* ForTransitionController.swift */,
				BBFA6693291CDF0300D2EF63 /* OneFriendWithSwipeController.swift */,
				BB51D82E291DF1540020B639 /* CustomNavigationController.swift */,
			);
			path = Controllers;
			sourceTree = "<group>";
		};
		BB2BD9DB2918EC0C0021C5C6 /* Models */ = {
			isa = PBXGroup;
			children = (
				BB8B3B5A2913CE7400346D00 /* User.swift */,
				BB8B3B6B2913FB2100346D00 /* Group.swift */,
				BB47E0E7291A82EE0019CF8F /* News.swift */,
			);
			path = Models;
			sourceTree = "<group>";
		};
		BB2BD9DC2918EC140021C5C6 /* Views */ = {
			isa = PBXGroup;
			children = (
				BB2BD9DE2918ED880021C5C6 /* AvatarView.swift */,
				BB47E0EB291B0A9D0019CF8F /* LoaderView.swift */,
			);
			path = Views;
			sourceTree = "<group>";
		};
		BB2BD9DD2918ED430021C5C6 /* Cells */ = {
			isa = PBXGroup;
			children = (
				BB8B3B682913FB1600346D00 /* GroupTableCell.swift */,
				BB8B3B612913E04800346D00 /* OneFriendCell.swift */,
				BB8B3B572913CD7900346D00 /* FriendTableCell.swift */,
				BB47E0DF291A70AD0019CF8F /* NewsCell.swift */,
				BB47E0E0291A70AD0019CF8F /* NewsCell.xib */,
			);
			path = Cells;
			sourceTree = "<group>";
		};
		BB47E0B9291908900019CF8F /* Controls */ = {
			isa = PBXGroup;
			children = (
				BB47E0BA291908BF0019CF8F /* LikesControl.swift */,
			);
			path = Controls;
			sourceTree = "<group>";
		};
		BB51D827291DF08E0020B639 /* SetTransitions */ = {
			isa = PBXGroup;
			children = (
				BB51D828291DF0BF0020B639 /* CustomPushAnimator.swift */,
				BB51D82B291DF0ED0020B639 /* CustomPopAnimator.swift */,
				BB51D832291DF27A0020B639 /* CustomInteractiveTransition.swift */,
			);
			path = SetTransitions;
			sourceTree = "<group>";
		};
		BB8B3B3C29129AAE00346D00 /* Extensions */ = {
			isa = PBXGroup;
			children = (
				BB8B3B3D29129B1500346D00 /* UIViewController+Extension.swift */,
			);
			path = Extensions;
			sourceTree = "<group>";
		};
/* End PBXGroup section */

/* Begin PBXNativeTarget section */
		BB22B4A7290FD0750032AB8C /* VKapp */ = {
			isa = PBXNativeTarget;
			buildConfigurationList = BB22B4BC290FD0790032AB8C /* Build configuration list for PBXNativeTarget "VKapp" */;
			buildPhases = (
				BB22B4A4290FD0750032AB8C /* Sources */,
				BB22B4A5290FD0750032AB8C /* Frameworks */,
				BB22B4A6290FD0750032AB8C /* Resources */,
				BB47E0C129191A090019CF8F /* SwiftFormat */,
				BB22B4C0290FE12C0032AB8C /* SwiftLint */,
			);
			buildRules = (
			);
			dependencies = (
			);
			name = VKapp;
			productName = VKapp;
			productReference = BB22B4A8290FD0750032AB8C /* VKapp.app */;
			productType = "com.apple.product-type.application";
		};
/* End PBXNativeTarget section */

/* Begin PBXProject section */
		BB22B4A0290FD0750032AB8C /* Project object */ = {
			isa = PBXProject;
			attributes = {
				LastSwiftUpdateCheck = 1210;
				LastUpgradeCheck = 1210;
				TargetAttributes = {
					BB22B4A7290FD0750032AB8C = {
						CreatedOnToolsVersion = 12.1;
					};
				};
			};
			buildConfigurationList = BB22B4A3290FD0750032AB8C /* Build configuration list for PBXProject "VKapp" */;
			compatibilityVersion = "Xcode 9.3";
			developmentRegion = en;
			hasScannedForEncodings = 0;
			knownRegions = (
				en,
				Base,
			);
			mainGroup = BB22B49F290FD0750032AB8C;
			productRefGroup = BB22B4A9290FD0750032AB8C /* Products */;
			projectDirPath = "";
			projectRoot = "";
			targets = (
				BB22B4A7290FD0750032AB8C /* VKapp */,
			);
		};
/* End PBXProject section */

/* Begin PBXResourcesBuildPhase section */
		BB22B4A6290FD0750032AB8C /* Resources */ = {
			isa = PBXResourcesBuildPhase;
			buildActionMask = 2147483647;
			files = (
				BB22B4B8290FD0790032AB8C /* LaunchScreen.storyboard in Resources */,
				BB22B4EB2910631C0032AB8C /* Color.xcassets in Resources */,
				BB47E0E2291A70AD0019CF8F /* NewsCell.xib in Resources */,
				BB22B4B5290FD0790032AB8C /* Assets.xcassets in Resources */,
				BB22B4B3290FD0750032AB8C /* Main.storyboard in Resources */,
			);
			runOnlyForDeploymentPostprocessing = 0;
		};
/* End PBXResourcesBuildPhase section */

/* Begin PBXShellScriptBuildPhase section */
		BB22B4C0290FE12C0032AB8C /* SwiftLint */ = {
			isa = PBXShellScriptBuildPhase;
			buildActionMask = 2147483647;
			files = (
			);
			inputFileListPaths = (
			);
			inputPaths = (
			);
			name = SwiftLint;
			outputFileListPaths = (
			);
			outputPaths = (
			);
			runOnlyForDeploymentPostprocessing = 0;
			shellPath = /bin/sh;
			shellScript = "if which swiftlint >/dev/null; then\n  swiftlint\nelse\n  echo \"error: SwiftLint does not exist, download it from https://github.com/realm/SwiftLint\"\n  exit 1\nfi\n";
		};
		BB47E0C129191A090019CF8F /* SwiftFormat */ = {
			isa = PBXShellScriptBuildPhase;
			buildActionMask = 2147483647;
			files = (
			);
			inputFileListPaths = (
			);
			inputPaths = (
			);
			name = SwiftFormat;
			outputFileListPaths = (
			);
			outputPaths = (
			);
			runOnlyForDeploymentPostprocessing = 0;
			shellPath = /bin/sh;
			shellScript = "if which swiftformat >/dev/null; then\n  swiftformat .\nelse\n  echo \"warning: SwiftFormat not installed, download from https://github.com/nicklockwood/SwiftFormat\"\nfi\n";
		};
/* End PBXShellScriptBuildPhase section */

/* Begin PBXSourcesBuildPhase section */
		BB22B4A4290FD0750032AB8C /* Sources */ = {
			isa = PBXSourcesBuildPhase;
			buildActionMask = 2147483647;
			files = (
				BB384FC4291D8ADF00DB8F8E /* ForTransitionController.swift in Sources */,
				BB47E0BB291908BF0019CF8F /* LikesControl.swift in Sources */,
				BB8B3B3E29129B1500346D00 /* UIViewController+Extension.swift in Sources */,
				BB8B3B5B2913CE7400346D00 /* User.swift in Sources */,
				BB8B3B5F2913E02800346D00 /* OneFriendController.swift in Sources */,
				BB8B3B6F291402C200346D00 /* NewGroupsController.swift in Sources */,
				BB8B3B6C2913FB2100346D00 /* Group.swift in Sources */,
				BB47E0E1291A70AD0019CF8F /* NewsCell.swift in Sources */,
				BB51D829291DF0BF0020B639 /* CustomPushAnimator.swift in Sources */,
				BB47E0EC291B0A9D0019CF8F /* LoaderView.swift in Sources */,
				BB8B3B692913FB1600346D00 /* GroupTableCell.swift in Sources */,
				BB51D82F291DF1540020B639 /* CustomNavigationController.swift in Sources */,
				BB8B3B542913CD5800346D00 /* FriendsController.swift in Sources */,
				BB51D833291DF27A0020B639 /* CustomInteractiveTransition.swift in Sources */,
				BB22B4B0290FD0750032AB8C /* LoginViewController.swift in Sources */,
				BB8B3B662913FAF400346D00 /* GroupsController.swift in Sources */,
				BB2BD9DF2918ED880021C5C6 /* AvatarView.swift in Sources */,
				BB47E0E8291A82EE0019CF8F /* News.swift in Sources */,
				BB47E0E5291A70F40019CF8F /* NewsController.swift in Sources */,
				BB22B4AC290FD0750032AB8C /* AppDelegate.swift in Sources */,
				BB8B3B582913CD7900346D00 /* FriendTableCell.swift in Sources */,
				BB22B4AE290FD0750032AB8C /* SceneDelegate.swift in Sources */,
				BB8B3B622913E04800346D00 /* OneFriendCell.swift in Sources */,
				BB51D82C291DF0ED0020B639 /* CustomPopAnimator.swift in Sources */,
				BBFA6694291CDF0300D2EF63 /* OneFriendWithSwipeController.swift in Sources */,
			);
			runOnlyForDeploymentPostprocessing = 0;
		};
/* End PBXSourcesBuildPhase section */

/* Begin PBXVariantGroup section */
		BB22B4B1290FD0750032AB8C /* Main.storyboard */ = {
			isa = PBXVariantGroup;
			children = (
				BB22B4B2290FD0750032AB8C /* Base */,
			);
			name = Main.storyboard;
			sourceTree = "<group>";
		};
		BB22B4B6290FD0790032AB8C /* LaunchScreen.storyboard */ = {
			isa = PBXVariantGroup;
			children = (
				BB22B4B7290FD0790032AB8C /* Base */,
			);
			name = LaunchScreen.storyboard;
			sourceTree = "<group>";
		};
/* End PBXVariantGroup section */

/* Begin XCBuildConfiguration section */
		BB22B4BA290FD0790032AB8C /* Debug */ = {
			isa = XCBuildConfiguration;
			buildSettings = {
				ALWAYS_SEARCH_USER_PATHS = NO;
				CLANG_ANALYZER_NONNULL = YES;
				CLANG_ANALYZER_NUMBER_OBJECT_CONVERSION = YES_AGGRESSIVE;
				CLANG_CXX_LANGUAGE_STANDARD = "gnu++14";
				CLANG_CXX_LIBRARY = "libc++";
				CLANG_ENABLE_MODULES = YES;
				CLANG_ENABLE_OBJC_ARC = YES;
				CLANG_ENABLE_OBJC_WEAK = YES;
				CLANG_WARN_BLOCK_CAPTURE_AUTORELEASING = YES;
				CLANG_WARN_BOOL_CONVERSION = YES;
				CLANG_WARN_COMMA = YES;
				CLANG_WARN_CONSTANT_CONVERSION = YES;
				CLANG_WARN_DEPRECATED_OBJC_IMPLEMENTATIONS = YES;
				CLANG_WARN_DIRECT_OBJC_ISA_USAGE = YES_ERROR;
				CLANG_WARN_DOCUMENTATION_COMMENTS = YES;
				CLANG_WARN_EMPTY_BODY = YES;
				CLANG_WARN_ENUM_CONVERSION = YES;
				CLANG_WARN_INFINITE_RECURSION = YES;
				CLANG_WARN_INT_CONVERSION = YES;
				CLANG_WARN_NON_LITERAL_NULL_CONVERSION = YES;
				CLANG_WARN_OBJC_IMPLICIT_RETAIN_SELF = YES;
				CLANG_WARN_OBJC_LITERAL_CONVERSION = YES;
				CLANG_WARN_OBJC_ROOT_CLASS = YES_ERROR;
				CLANG_WARN_QUOTED_INCLUDE_IN_FRAMEWORK_HEADER = YES;
				CLANG_WARN_RANGE_LOOP_ANALYSIS = YES;
				CLANG_WARN_STRICT_PROTOTYPES = YES;
				CLANG_WARN_SUSPICIOUS_MOVE = YES;
				CLANG_WARN_UNGUARDED_AVAILABILITY = YES_AGGRESSIVE;
				CLANG_WARN_UNREACHABLE_CODE = YES;
				CLANG_WARN__DUPLICATE_METHOD_MATCH = YES;
				COPY_PHASE_STRIP = NO;
				DEBUG_INFORMATION_FORMAT = dwarf;
				ENABLE_STRICT_OBJC_MSGSEND = YES;
				ENABLE_TESTABILITY = YES;
				GCC_C_LANGUAGE_STANDARD = gnu11;
				GCC_DYNAMIC_NO_PIC = NO;
				GCC_NO_COMMON_BLOCKS = YES;
				GCC_OPTIMIZATION_LEVEL = 0;
				GCC_PREPROCESSOR_DEFINITIONS = (
					"DEBUG=1",
					"$(inherited)",
				);
				GCC_WARN_64_TO_32_BIT_CONVERSION = YES;
				GCC_WARN_ABOUT_RETURN_TYPE = YES_ERROR;
				GCC_WARN_UNDECLARED_SELECTOR = YES;
				GCC_WARN_UNINITIALIZED_AUTOS = YES_AGGRESSIVE;
				GCC_WARN_UNUSED_FUNCTION = YES;
				GCC_WARN_UNUSED_VARIABLE = YES;
				IPHONEOS_DEPLOYMENT_TARGET = 14.1;
				MTL_ENABLE_DEBUG_INFO = INCLUDE_SOURCE;
				MTL_FAST_MATH = YES;
				ONLY_ACTIVE_ARCH = YES;
				SDKROOT = iphoneos;
				SWIFT_ACTIVE_COMPILATION_CONDITIONS = DEBUG;
				SWIFT_OPTIMIZATION_LEVEL = "-Onone";
			};
			name = Debug;
		};
		BB22B4BB290FD0790032AB8C /* Release */ = {
			isa = XCBuildConfiguration;
			buildSettings = {
				ALWAYS_SEARCH_USER_PATHS = NO;
				CLANG_ANALYZER_NONNULL = YES;
				CLANG_ANALYZER_NUMBER_OBJECT_CONVERSION = YES_AGGRESSIVE;
				CLANG_CXX_LANGUAGE_STANDARD = "gnu++14";
				CLANG_CXX_LIBRARY = "libc++";
				CLANG_ENABLE_MODULES = YES;
				CLANG_ENABLE_OBJC_ARC = YES;
				CLANG_ENABLE_OBJC_WEAK = YES;
				CLANG_WARN_BLOCK_CAPTURE_AUTORELEASING = YES;
				CLANG_WARN_BOOL_CONVERSION = YES;
				CLANG_WARN_COMMA = YES;
				CLANG_WARN_CONSTANT_CONVERSION = YES;
				CLANG_WARN_DEPRECATED_OBJC_IMPLEMENTATIONS = YES;
				CLANG_WARN_DIRECT_OBJC_ISA_USAGE = YES_ERROR;
				CLANG_WARN_DOCUMENTATION_COMMENTS = YES;
				CLANG_WARN_EMPTY_BODY = YES;
				CLANG_WARN_ENUM_CONVERSION = YES;
				CLANG_WARN_INFINITE_RECURSION = YES;
				CLANG_WARN_INT_CONVERSION = YES;
				CLANG_WARN_NON_LITERAL_NULL_CONVERSION = YES;
				CLANG_WARN_OBJC_IMPLICIT_RETAIN_SELF = YES;
				CLANG_WARN_OBJC_LITERAL_CONVERSION = YES;
				CLANG_WARN_OBJC_ROOT_CLASS = YES_ERROR;
				CLANG_WARN_QUOTED_INCLUDE_IN_FRAMEWORK_HEADER = YES;
				CLANG_WARN_RANGE_LOOP_ANALYSIS = YES;
				CLANG_WARN_STRICT_PROTOTYPES = YES;
				CLANG_WARN_SUSPICIOUS_MOVE = YES;
				CLANG_WARN_UNGUARDED_AVAILABILITY = YES_AGGRESSIVE;
				CLANG_WARN_UNREACHABLE_CODE = YES;
				CLANG_WARN__DUPLICATE_METHOD_MATCH = YES;
				COPY_PHASE_STRIP = NO;
				DEBUG_INFORMATION_FORMAT = "dwarf-with-dsym";
				ENABLE_NS_ASSERTIONS = NO;
				ENABLE_STRICT_OBJC_MSGSEND = YES;
				GCC_C_LANGUAGE_STANDARD = gnu11;
				GCC_NO_COMMON_BLOCKS = YES;
				GCC_WARN_64_TO_32_BIT_CONVERSION = YES;
				GCC_WARN_ABOUT_RETURN_TYPE = YES_ERROR;
				GCC_WARN_UNDECLARED_SELECTOR = YES;
				GCC_WARN_UNINITIALIZED_AUTOS = YES_AGGRESSIVE;
				GCC_WARN_UNUSED_FUNCTION = YES;
				GCC_WARN_UNUSED_VARIABLE = YES;
				IPHONEOS_DEPLOYMENT_TARGET = 14.1;
				MTL_ENABLE_DEBUG_INFO = NO;
				MTL_FAST_MATH = YES;
				SDKROOT = iphoneos;
				SWIFT_COMPILATION_MODE = wholemodule;
				SWIFT_OPTIMIZATION_LEVEL = "-O";
				VALIDATE_PRODUCT = YES;
			};
			name = Release;
		};
		BB22B4BD290FD0790032AB8C /* Debug */ = {
			isa = XCBuildConfiguration;
			buildSettings = {
				ASSETCATALOG_COMPILER_APPICON_NAME = AppIcon;
				ASSETCATALOG_COMPILER_GLOBAL_ACCENT_COLOR_NAME = AccentColor;
				CODE_SIGN_STYLE = Automatic;
				DEVELOPMENT_TEAM = 6WW6D9N6J7;
				INFOPLIST_FILE = VKapp/Info.plist;
				LD_RUNPATH_SEARCH_PATHS = (
					"$(inherited)",
					"@executable_path/Frameworks",
				);
				PRODUCT_BUNDLE_IDENTIFIER = "ru.koskin-val-mail.VKapp";
				PRODUCT_NAME = "$(TARGET_NAME)";
				SWIFT_VERSION = 5.0;
				TARGETED_DEVICE_FAMILY = "1,2";
			};
			name = Debug;
		};
		BB22B4BE290FD0790032AB8C /* Release */ = {
			isa = XCBuildConfiguration;
			buildSettings = {
				ASSETCATALOG_COMPILER_APPICON_NAME = AppIcon;
				ASSETCATALOG_COMPILER_GLOBAL_ACCENT_COLOR_NAME = AccentColor;
				CODE_SIGN_STYLE = Automatic;
				DEVELOPMENT_TEAM = 6WW6D9N6J7;
				INFOPLIST_FILE = VKapp/Info.plist;
				LD_RUNPATH_SEARCH_PATHS = (
					"$(inherited)",
					"@executable_path/Frameworks",
				);
				PRODUCT_BUNDLE_IDENTIFIER = "ru.koskin-val-mail.VKapp";
				PRODUCT_NAME = "$(TARGET_NAME)";
				SWIFT_VERSION = 5.0;
				TARGETED_DEVICE_FAMILY = "1,2";
			};
			name = Release;
		};
/* End XCBuildConfiguration section */

/* Begin XCConfigurationList section */
		BB22B4A3290FD0750032AB8C /* Build configuration list for PBXProject "VKapp" */ = {
			isa = XCConfigurationList;
			buildConfigurations = (
				BB22B4BA290FD0790032AB8C /* Debug */,
				BB22B4BB290FD0790032AB8C /* Release */,
			);
			defaultConfigurationIsVisible = 0;
			defaultConfigurationName = Release;
		};
		BB22B4BC290FD0790032AB8C /* Build configuration list for PBXNativeTarget "VKapp" */ = {
			isa = XCConfigurationList;
			buildConfigurations = (
				BB22B4BD290FD0790032AB8C /* Debug */,
				BB22B4BE290FD0790032AB8C /* Release */,
			);
			defaultConfigurationIsVisible = 0;
			defaultConfigurationName = Release;
		};
/* End XCConfigurationList section */
	};
	rootObject = BB22B4A0290FD0750032AB8C /* Project object */;
}
