// !$*UTF8*$!
{
	archiveVersion = 1;
	classes = {
	};
	objectVersion = 51;
	objects = {

/* Begin PBXBuildFile section */
		573021CD3C89FD69633F73D9 /* Pods_VKapp.framework in Frameworks */ = {isa = PBXBuildFile; fileRef = 4352BBE0F8F4C3069B523ADA /* Pods_VKapp.framework */; };
		BB22B4AC290FD0750032AB8C /* AppDelegate.swift in Sources */ = {isa = PBXBuildFile; fileRef = BB22B4AB290FD0750032AB8C /* AppDelegate.swift */; };
		BB22B4AE290FD0750032AB8C /* SceneDelegate.swift in Sources */ = {isa = PBXBuildFile; fileRef = BB22B4AD290FD0750032AB8C /* SceneDelegate.swift */; };
		BB22B4B0290FD0750032AB8C /* LoginViewController.swift in Sources */ = {isa = PBXBuildFile; fileRef = BB22B4AF290FD0750032AB8C /* LoginViewController.swift */; };
		BB22B4B3290FD0750032AB8C /* Main.storyboard in Resources */ = {isa = PBXBuildFile; fileRef = BB22B4B1290FD0750032AB8C /* Main.storyboard */; };
		BB22B4B5290FD0790032AB8C /* Assets.xcassets in Resources */ = {isa = PBXBuildFile; fileRef = BB22B4B4290FD0790032AB8C /* Assets.xcassets */; };
		BB22B4B8290FD0790032AB8C /* LaunchScreen.storyboard in Resources */ = {isa = PBXBuildFile; fileRef = BB22B4B6290FD0790032AB8C /* LaunchScreen.storyboard */; };
		BB22B4EB2910631C0032AB8C /* Color.xcassets in Resources */ = {isa = PBXBuildFile; fileRef = BB22B4EA2910631C0032AB8C /* Color.xcassets */; };
		BB2B9D752930AD9200892B4D /* UIImageView+Extension.swift in Sources */ = {isa = PBXBuildFile; fileRef = BB2B9D742930AD9200892B4D /* UIImageView+Extension.swift */; };
		BB2BD9DF2918ED880021C5C6 /* AvatarView.swift in Sources */ = {isa = PBXBuildFile; fileRef = BB2BD9DE2918ED880021C5C6 /* AvatarView.swift */; };
		BB2C1BFB292E0B3D009D8198 /* LoginWebViewViewController.swift in Sources */ = {isa = PBXBuildFile; fileRef = BB2C1BFA292E0B3D009D8198 /* LoginWebViewViewController.swift */; };
		BB2C1BFE292E0C57009D8198 /* WebKit.framework in Frameworks */ = {isa = PBXBuildFile; fileRef = BB2C1BFD292E0C57009D8198 /* WebKit.framework */; };
		BB2C1C04292E35AE009D8198 /* NetworkService.swift in Sources */ = {isa = PBXBuildFile; fileRef = BB2C1C03292E35AE009D8198 /* NetworkService.swift */; };
		BB2C1C07292E3721009D8198 /* Api.swift in Sources */ = {isa = PBXBuildFile; fileRef = BB2C1C06292E3721009D8198 /* Api.swift */; };
		BB2C1C0A292E43D7009D8198 /* RequestType.swift in Sources */ = {isa = PBXBuildFile; fileRef = BB2C1C09292E43D7009D8198 /* RequestType.swift */; };
		BB384FC4291D8ADF00DB8F8E /* ForTransitionController.swift in Sources */ = {isa = PBXBuildFile; fileRef = BB384FC3291D8ADF00DB8F8E /* ForTransitionController.swift */; };
		BB4458D7292D0BD1004E6F35 /* Session.swift in Sources */ = {isa = PBXBuildFile; fileRef = BB4458D6292D0BD1004E6F35 /* Session.swift */; };
		BB47E0BB291908BF0019CF8F /* LikesControl.swift in Sources */ = {isa = PBXBuildFile; fileRef = BB47E0BA291908BF0019CF8F /* LikesControl.swift */; };
		BB47E0E1291A70AD0019CF8F /* NewsCell.swift in Sources */ = {isa = PBXBuildFile; fileRef = BB47E0DF291A70AD0019CF8F /* NewsCell.swift */; };
		BB47E0E2291A70AD0019CF8F /* NewsCell.xib in Resources */ = {isa = PBXBuildFile; fileRef = BB47E0E0291A70AD0019CF8F /* NewsCell.xib */; };
		BB47E0E5291A70F40019CF8F /* NewsController.swift in Sources */ = {isa = PBXBuildFile; fileRef = BB47E0E4291A70F40019CF8F /* NewsController.swift */; };
		BB47E0E8291A82EE0019CF8F /* News.swift in Sources */ = {isa = PBXBuildFile; fileRef = BB47E0E7291A82EE0019CF8F /* News.swift */; };
		BB47E0EC291B0A9D0019CF8F /* LoaderView.swift in Sources */ = {isa = PBXBuildFile; fileRef = BB47E0EB291B0A9D0019CF8F /* LoaderView.swift */; };
		BB51D829291DF0BF0020B639 /* CustomPushAnimator.swift in Sources */ = {isa = PBXBuildFile; fileRef = BB51D828291DF0BF0020B639 /* CustomPushAnimator.swift */; };
		BB51D82C291DF0ED0020B639 /* CustomPopAnimator.swift in Sources */ = {isa = PBXBuildFile; fileRef = BB51D82B291DF0ED0020B639 /* CustomPopAnimator.swift */; };
		BB51D82F291DF1540020B639 /* CustomNavigationController.swift in Sources */ = {isa = PBXBuildFile; fileRef = BB51D82E291DF1540020B639 /* CustomNavigationController.swift */; };
		BB51D833291DF27A0020B639 /* CustomInteractiveTransition.swift in Sources */ = {isa = PBXBuildFile; fileRef = BB51D832291DF27A0020B639 /* CustomInteractiveTransition.swift */; };
		BB5F5D2529378B5300172D04 /* RealmService.swift in Sources */ = {isa = PBXBuildFile; fileRef = BB5F5D2429378B5300172D04 /* RealmService.swift */; };
		BB617AF5293E4D61004752CB /* NewsTextCell.swift in Sources */ = {isa = PBXBuildFile; fileRef = BB617AF3293E4D61004752CB /* NewsTextCell.swift */; };
		BB617AF6293E4D61004752CB /* NewsTextCell.xib in Resources */ = {isa = PBXBuildFile; fileRef = BB617AF4293E4D61004752CB /* NewsTextCell.xib */; };
		BB6D84AA2934F0B700D9A91A /* FriendResult.swift in Sources */ = {isa = PBXBuildFile; fileRef = BB6D84A92934F0B700D9A91A /* FriendResult.swift */; };
		BB6D84AD2934F0D700D9A91A /* Friends.swift in Sources */ = {isa = PBXBuildFile; fileRef = BB6D84AC2934F0D700D9A91A /* Friends.swift */; };
		BB6D84B02934F0F000D9A91A /* GroupResult.swift in Sources */ = {isa = PBXBuildFile; fileRef = BB6D84AF2934F0F000D9A91A /* GroupResult.swift */; };
		BB6D84B32934F10700D9A91A /* Groups.swift in Sources */ = {isa = PBXBuildFile; fileRef = BB6D84B22934F10700D9A91A /* Groups.swift */; };
		BB6D84B62934F11C00D9A91A /* PhotoResult.swift in Sources */ = {isa = PBXBuildFile; fileRef = BB6D84B52934F11C00D9A91A /* PhotoResult.swift */; };
		BB6D84B92934F13300D9A91A /* PhotoResponse.swift in Sources */ = {isa = PBXBuildFile; fileRef = BB6D84B82934F13300D9A91A /* PhotoResponse.swift */; };
		BB6D84BC2934F14400D9A91A /* Photos.swift in Sources */ = {isa = PBXBuildFile; fileRef = BB6D84BB2934F14400D9A91A /* Photos.swift */; };
		BB7BB0CE293F8B5700C5FE4A /* NewsConfigurable.swift in Sources */ = {isa = PBXBuildFile; fileRef = BB7BB0CD293F8B5700C5FE4A /* NewsConfigurable.swift */; };
		BB7BB0D0293FD26800C5FE4A /* NewsFeed.swift in Sources */ = {isa = PBXBuildFile; fileRef = BB7BB0CF293FD26800C5FE4A /* NewsFeed.swift */; };
		BB7BB0D2293FD83800C5FE4A /* NewsFeedResponse.swift in Sources */ = {isa = PBXBuildFile; fileRef = BB7BB0D1293FD83800C5FE4A /* NewsFeedResponse.swift */; };
		BB7BB0D4293FDAD300C5FE4A /* NewsFeedResult.swift in Sources */ = {isa = PBXBuildFile; fileRef = BB7BB0D3293FDAD300C5FE4A /* NewsFeedResult.swift */; };
		BB8B3B3E29129B1500346D00 /* UIViewController+Extension.swift in Sources */ = {isa = PBXBuildFile; fileRef = BB8B3B3D29129B1500346D00 /* UIViewController+Extension.swift */; };
		BB8B3B542913CD5800346D00 /* FriendsController.swift in Sources */ = {isa = PBXBuildFile; fileRef = BB8B3B532913CD5800346D00 /* FriendsController.swift */; };
		BB8B3B582913CD7900346D00 /* FriendTableCell.swift in Sources */ = {isa = PBXBuildFile; fileRef = BB8B3B572913CD7900346D00 /* FriendTableCell.swift */; };
		BB8B3B5B2913CE7400346D00 /* User.swift in Sources */ = {isa = PBXBuildFile; fileRef = BB8B3B5A2913CE7400346D00 /* User.swift */; };
		BB8B3B5F2913E02800346D00 /* OneFriendController.swift in Sources */ = {isa = PBXBuildFile; fileRef = BB8B3B5E2913E02800346D00 /* OneFriendController.swift */; };
		BB8B3B622913E04800346D00 /* OneFriendCell.swift in Sources */ = {isa = PBXBuildFile; fileRef = BB8B3B612913E04800346D00 /* OneFriendCell.swift */; };
		BB8B3B662913FAF400346D00 /* GroupsController.swift in Sources */ = {isa = PBXBuildFile; fileRef = BB8B3B652913FAF400346D00 /* GroupsController.swift */; };
		BB8B3B692913FB1600346D00 /* GroupTableCell.swift in Sources */ = {isa = PBXBuildFile; fileRef = BB8B3B682913FB1600346D00 /* GroupTableCell.swift */; };
		BB8B3B6C2913FB2100346D00 /* Group.swift in Sources */ = {isa = PBXBuildFile; fileRef = BB8B3B6B2913FB2100346D00 /* Group.swift */; };
		BBBE38F4292F9AD6001833DF /* Photo.swift in Sources */ = {isa = PBXBuildFile; fileRef = BBBE38F3292F9AD6001833DF /* Photo.swift */; };
		BBBE38F7292FABE1001833DF /* Friend.swift in Sources */ = {isa = PBXBuildFile; fileRef = BBBE38F6292FABE1001833DF /* Friend.swift */; };
		BBFA6694291CDF0300D2EF63 /* OneFriendWithSwipeController.swift in Sources */ = {isa = PBXBuildFile; fileRef = BBFA6693291CDF0300D2EF63 /* OneFriendWithSwipeController.swift */; };
/* End PBXBuildFile section */

/* Begin PBXFileReference section */
		4352BBE0F8F4C3069B523ADA /* Pods_VKapp.framework */ = {isa = PBXFileReference; explicitFileType = wrapper.framework; includeInIndex = 0; path = Pods_VKapp.framework; sourceTree = BUILT_PRODUCTS_DIR; };
		544838850AEB94C4855676CB /* Pods-VKapp.release.xcconfig */ = {isa = PBXFileReference; includeInIndex = 1; lastKnownFileType = text.xcconfig; name = "Pods-VKapp.release.xcconfig"; path = "Target Support Files/Pods-VKapp/Pods-VKapp.release.xcconfig"; sourceTree = "<group>"; };
		BB22B4A8290FD0750032AB8C /* VKapp.app */ = {isa = PBXFileReference; explicitFileType = wrapper.application; includeInIndex = 0; path = VKapp.app; sourceTree = BUILT_PRODUCTS_DIR; };
		BB22B4AB290FD0750032AB8C /* AppDelegate.swift */ = {isa = PBXFileReference; lastKnownFileType = sourcecode.swift; path = AppDelegate.swift; sourceTree = "<group>"; };
		BB22B4AD290FD0750032AB8C /* SceneDelegate.swift */ = {isa = PBXFileReference; lastKnownFileType = sourcecode.swift; path = SceneDelegate.swift; sourceTree = "<group>"; };
		BB22B4AF290FD0750032AB8C /* LoginViewController.swift */ = {isa = PBXFileReference; lastKnownFileType = sourcecode.swift; path = LoginViewController.swift; sourceTree = "<group>"; };
		BB22B4B2290FD0750032AB8C /* Base */ = {isa = PBXFileReference; lastKnownFileType = file.storyboard; name = Base; path = Base.lproj/Main.storyboard; sourceTree = "<group>"; };
		BB22B4B4290FD0790032AB8C /* Assets.xcassets */ = {isa = PBXFileReference; lastKnownFileType = folder.assetcatalog; path = Assets.xcassets; sourceTree = "<group>"; };
		BB22B4B7290FD0790032AB8C /* Base */ = {isa = PBXFileReference; lastKnownFileType = file.storyboard; name = Base; path = Base.lproj/LaunchScreen.storyboard; sourceTree = "<group>"; };
		BB22B4B9290FD0790032AB8C /* Info.plist */ = {isa = PBXFileReference; lastKnownFileType = text.plist.xml; path = Info.plist; sourceTree = "<group>"; };
		BB22B4EA2910631C0032AB8C /* Color.xcassets */ = {isa = PBXFileReference; lastKnownFileType = folder.assetcatalog; path = Color.xcassets; sourceTree = "<group>"; };
		BB2B9D742930AD9200892B4D /* UIImageView+Extension.swift */ = {isa = PBXFileReference; lastKnownFileType = sourcecode.swift; path = "UIImageView+Extension.swift"; sourceTree = "<group>"; };
		BB2BD9DE2918ED880021C5C6 /* AvatarView.swift */ = {isa = PBXFileReference; lastKnownFileType = sourcecode.swift; path = AvatarView.swift; sourceTree = "<group>"; };
		BB2C1BFA292E0B3D009D8198 /* LoginWebViewViewController.swift */ = {isa = PBXFileReference; lastKnownFileType = sourcecode.swift; path = LoginWebViewViewController.swift; sourceTree = "<group>"; };
		BB2C1BFD292E0C57009D8198 /* WebKit.framework */ = {isa = PBXFileReference; lastKnownFileType = wrapper.framework; name = WebKit.framework; path = System/Library/Frameworks/WebKit.framework; sourceTree = SDKROOT; };
		BB2C1C03292E35AE009D8198 /* NetworkService.swift */ = {isa = PBXFileReference; lastKnownFileType = sourcecode.swift; path = NetworkService.swift; sourceTree = "<group>"; };
		BB2C1C06292E3721009D8198 /* Api.swift */ = {isa = PBXFileReference; lastKnownFileType = sourcecode.swift; path = Api.swift; sourceTree = "<group>"; };
		BB2C1C09292E43D7009D8198 /* RequestType.swift */ = {isa = PBXFileReference; lastKnownFileType = sourcecode.swift; path = RequestType.swift; sourceTree = "<group>"; };
		BB384FC3291D8ADF00DB8F8E /* ForTransitionController.swift */ = {isa = PBXFileReference; lastKnownFileType = sourcecode.swift; path = ForTransitionController.swift; sourceTree = "<group>"; };
		BB4458D6292D0BD1004E6F35 /* Session.swift */ = {isa = PBXFileReference; lastKnownFileType = sourcecode.swift; path = Session.swift; sourceTree = "<group>"; };
		BB47E0BA291908BF0019CF8F /* LikesControl.swift */ = {isa = PBXFileReference; lastKnownFileType = sourcecode.swift; path = LikesControl.swift; sourceTree = "<group>"; };
		BB47E0DF291A70AD0019CF8F /* NewsCell.swift */ = {isa = PBXFileReference; lastKnownFileType = sourcecode.swift; path = NewsCell.swift; sourceTree = "<group>"; };
		BB47E0E0291A70AD0019CF8F /* NewsCell.xib */ = {isa = PBXFileReference; lastKnownFileType = file.xib; path = NewsCell.xib; sourceTree = "<group>"; };
		BB47E0E4291A70F40019CF8F /* NewsController.swift */ = {isa = PBXFileReference; lastKnownFileType = sourcecode.swift; path = NewsController.swift; sourceTree = "<group>"; };
		BB47E0E7291A82EE0019CF8F /* News.swift */ = {isa = PBXFileReference; lastKnownFileType = sourcecode.swift; path = News.swift; sourceTree = "<group>"; };
		BB47E0EB291B0A9D0019CF8F /* LoaderView.swift */ = {isa = PBXFileReference; lastKnownFileType = sourcecode.swift; path = LoaderView.swift; sourceTree = "<group>"; };
		BB51D828291DF0BF0020B639 /* CustomPushAnimator.swift */ = {isa = PBXFileReference; lastKnownFileType = sourcecode.swift; path = CustomPushAnimator.swift; sourceTree = "<group>"; };
		BB51D82B291DF0ED0020B639 /* CustomPopAnimator.swift */ = {isa = PBXFileReference; lastKnownFileType = sourcecode.swift; path = CustomPopAnimator.swift; sourceTree = "<group>"; };
		BB51D82E291DF1540020B639 /* CustomNavigationController.swift */ = {isa = PBXFileReference; lastKnownFileType = sourcecode.swift; path = CustomNavigationController.swift; sourceTree = "<group>"; };
		BB51D832291DF27A0020B639 /* CustomInteractiveTransition.swift */ = {isa = PBXFileReference; lastKnownFileType = sourcecode.swift; path = CustomInteractiveTransition.swift; sourceTree = "<group>"; };
		BB5F5D2429378B5300172D04 /* RealmService.swift */ = {isa = PBXFileReference; lastKnownFileType = sourcecode.swift; path = RealmService.swift; sourceTree = "<group>"; };
		BB617AF3293E4D61004752CB /* NewsTextCell.swift */ = {isa = PBXFileReference; lastKnownFileType = sourcecode.swift; path = NewsTextCell.swift; sourceTree = "<group>"; };
		BB617AF4293E4D61004752CB /* NewsTextCell.xib */ = {isa = PBXFileReference; lastKnownFileType = file.xib; path = NewsTextCell.xib; sourceTree = "<group>"; };
		BB6D84A92934F0B700D9A91A /* FriendResult.swift */ = {isa = PBXFileReference; lastKnownFileType = sourcecode.swift; path = FriendResult.swift; sourceTree = "<group>"; };
		BB6D84AC2934F0D700D9A91A /* Friends.swift */ = {isa = PBXFileReference; lastKnownFileType = sourcecode.swift; path = Friends.swift; sourceTree = "<group>"; };
		BB6D84AF2934F0F000D9A91A /* GroupResult.swift */ = {isa = PBXFileReference; lastKnownFileType = sourcecode.swift; path = GroupResult.swift; sourceTree = "<group>"; };
		BB6D84B22934F10700D9A91A /* Groups.swift */ = {isa = PBXFileReference; lastKnownFileType = sourcecode.swift; path = Groups.swift; sourceTree = "<group>"; };
		BB6D84B52934F11C00D9A91A /* PhotoResult.swift */ = {isa = PBXFileReference; lastKnownFileType = sourcecode.swift; path = PhotoResult.swift; sourceTree = "<group>"; };
		BB6D84B82934F13300D9A91A /* PhotoResponse.swift */ = {isa = PBXFileReference; lastKnownFileType = sourcecode.swift; path = PhotoResponse.swift; sourceTree = "<group>"; };
		BB6D84BB2934F14400D9A91A /* Photos.swift */ = {isa = PBXFileReference; lastKnownFileType = sourcecode.swift; path = Photos.swift; sourceTree = "<group>"; };
		BB7BB0CD293F8B5700C5FE4A /* NewsConfigurable.swift */ = {isa = PBXFileReference; lastKnownFileType = sourcecode.swift; path = NewsConfigurable.swift; sourceTree = "<group>"; };
		BB7BB0CF293FD26800C5FE4A /* NewsFeed.swift */ = {isa = PBXFileReference; lastKnownFileType = sourcecode.swift; path = NewsFeed.swift; sourceTree = "<group>"; };
		BB7BB0D1293FD83800C5FE4A /* NewsFeedResponse.swift */ = {isa = PBXFileReference; lastKnownFileType = sourcecode.swift; path = NewsFeedResponse.swift; sourceTree = "<group>"; };
		BB7BB0D3293FDAD300C5FE4A /* NewsFeedResult.swift */ = {isa = PBXFileReference; lastKnownFileType = sourcecode.swift; path = NewsFeedResult.swift; sourceTree = "<group>"; };
		BB8B3B3D29129B1500346D00 /* UIViewController+Extension.swift */ = {isa = PBXFileReference; lastKnownFileType = sourcecode.swift; path = "UIViewController+Extension.swift"; sourceTree = "<group>"; };
		BB8B3B532913CD5800346D00 /* FriendsController.swift */ = {isa = PBXFileReference; lastKnownFileType = sourcecode.swift; path = FriendsController.swift; sourceTree = "<group>"; };
		BB8B3B572913CD7900346D00 /* FriendTableCell.swift */ = {isa = PBXFileReference; lastKnownFileType = sourcecode.swift; path = FriendTableCell.swift; sourceTree = "<group>"; };
		BB8B3B5A2913CE7400346D00 /* User.swift */ = {isa = PBXFileReference; lastKnownFileType = sourcecode.swift; path = User.swift; sourceTree = "<group>"; };
		BB8B3B5E2913E02800346D00 /* OneFriendController.swift */ = {isa = PBXFileReference; lastKnownFileType = sourcecode.swift; path = OneFriendController.swift; sourceTree = "<group>"; };
		BB8B3B612913E04800346D00 /* OneFriendCell.swift */ = {isa = PBXFileReference; lastKnownFileType = sourcecode.swift; path = OneFriendCell.swift; sourceTree = "<group>"; };
		BB8B3B652913FAF400346D00 /* GroupsController.swift */ = {isa = PBXFileReference; lastKnownFileType = sourcecode.swift; path = GroupsController.swift; sourceTree = "<group>"; };
		BB8B3B682913FB1600346D00 /* GroupTableCell.swift */ = {isa = PBXFileReference; lastKnownFileType = sourcecode.swift; path = GroupTableCell.swift; sourceTree = "<group>"; };
		BB8B3B6B2913FB2100346D00 /* Group.swift */ = {isa = PBXFileReference; lastKnownFileType = sourcecode.swift; path = Group.swift; sourceTree = "<group>"; };
		BBBE38F3292F9AD6001833DF /* Photo.swift */ = {isa = PBXFileReference; lastKnownFileType = sourcecode.swift; path = Photo.swift; sourceTree = "<group>"; };
		BBBE38F6292FABE1001833DF /* Friend.swift */ = {isa = PBXFileReference; lastKnownFileType = sourcecode.swift; path = Friend.swift; sourceTree = "<group>"; };
		BBFA6693291CDF0300D2EF63 /* OneFriendWithSwipeController.swift */ = {isa = PBXFileReference; lastKnownFileType = sourcecode.swift; path = OneFriendWithSwipeController.swift; sourceTree = "<group>"; };
		C4292261893883C18AC1A9A5 /* Pods-VKapp.debug.xcconfig */ = {isa = PBXFileReference; includeInIndex = 1; lastKnownFileType = text.xcconfig; name = "Pods-VKapp.debug.xcconfig"; path = "Target Support Files/Pods-VKapp/Pods-VKapp.debug.xcconfig"; sourceTree = "<group>"; };
/* End PBXFileReference section */

/* Begin PBXFrameworksBuildPhase section */
		BB22B4A5290FD0750032AB8C /* Frameworks */ = {
			isa = PBXFrameworksBuildPhase;
			buildActionMask = 2147483647;
			files = (
				BB2C1BFE292E0C57009D8198 /* WebKit.framework in Frameworks */,
				573021CD3C89FD69633F73D9 /* Pods_VKapp.framework in Frameworks */,
			);
			runOnlyForDeploymentPostprocessing = 0;
		};
/* End PBXFrameworksBuildPhase section */

/* Begin PBXGroup section */
		13B657DA7DC721ED7809EB30 /* Pods */ = {
			isa = PBXGroup;
			children = (
				C4292261893883C18AC1A9A5 /* Pods-VKapp.debug.xcconfig */,
				544838850AEB94C4855676CB /* Pods-VKapp.release.xcconfig */,
			);
			path = Pods;
			sourceTree = "<group>";
		};
		7B62702F6DF30096798529A0 /* Frameworks */ = {
			isa = PBXGroup;
			children = (
				BB2C1BFD292E0C57009D8198 /* WebKit.framework */,
				4352BBE0F8F4C3069B523ADA /* Pods_VKapp.framework */,
			);
			name = Frameworks;
			sourceTree = "<group>";
		};
		BB22B49F290FD0750032AB8C = {
			isa = PBXGroup;
			children = (
				BB22B4AA290FD0750032AB8C /* VKapp */,
				BB22B4A9290FD0750032AB8C /* Products */,
				13B657DA7DC721ED7809EB30 /* Pods */,
				7B62702F6DF30096798529A0 /* Frameworks */,
			);
			sourceTree = "<group>";
		};
		BB22B4A9290FD0750032AB8C /* Products */ = {
			isa = PBXGroup;
			children = (
				BB22B4A8290FD0750032AB8C /* VKapp.app */,
			);
			name = Products;
			sourceTree = "<group>";
		};
		BB22B4AA290FD0750032AB8C /* VKapp */ = {
			isa = PBXGroup;
			children = (
				BB5F5D2229378B0E00172D04 /* Services */,
				BB4458D5292CFFC9004E6F35 /* Singleton */,
				BB51D827291DF08E0020B639 /* SetTransitions */,
				BB47E0B9291908900019CF8F /* Controls */,
				BB2BD9DD2918ED430021C5C6 /* Cells */,
				BB2BD9DC2918EC140021C5C6 /* Views */,
				BB2BD9DB2918EC0C0021C5C6 /* Models */,
				BB2BD9DA2918EC000021C5C6 /* Controllers */,
				BB8B3B3C29129AAE00346D00 /* Extensions */,
				BB22B4AB290FD0750032AB8C /* AppDelegate.swift */,
				BB22B4AD290FD0750032AB8C /* SceneDelegate.swift */,
				BB22B4B1290FD0750032AB8C /* Main.storyboard */,
				BB22B4B4290FD0790032AB8C /* Assets.xcassets */,
				BB22B4EA2910631C0032AB8C /* Color.xcassets */,
				BB22B4B6290FD0790032AB8C /* LaunchScreen.storyboard */,
				BB22B4B9290FD0790032AB8C /* Info.plist */,
			);
			path = VKapp;
			sourceTree = "<group>";
		};
		BB2BD9DA2918EC000021C5C6 /* Controllers */ = {
			isa = PBXGroup;
			children = (
				BB22B4AF290FD0750032AB8C /* LoginViewController.swift */,
				BB8B3B5E2913E02800346D00 /* OneFriendController.swift */,
				BB8B3B532913CD5800346D00 /* FriendsController.swift */,
				BB8B3B652913FAF400346D00 /* GroupsController.swift */,
				BB47E0E4291A70F40019CF8F /* NewsController.swift */,
				BB384FC3291D8ADF00DB8F8E /* ForTransitionController.swift */,
				BBFA6693291CDF0300D2EF63 /* OneFriendWithSwipeController.swift */,
				BB51D82E291DF1540020B639 /* CustomNavigationController.swift */,
				BB2C1BFA292E0B3D009D8198 /* LoginWebViewViewController.swift */,
			);
			path = Controllers;
			sourceTree = "<group>";
		};
		BB2BD9DB2918EC0C0021C5C6 /* Models */ = {
			isa = PBXGroup;
			children = (
				BB8B3B5A2913CE7400346D00 /* User.swift */,
				BBBE38F6292FABE1001833DF /* Friend.swift */,
				BB8B3B6B2913FB2100346D00 /* Group.swift */,
				BB7BB0CF293FD26800C5FE4A /* NewsFeed.swift */,
				BB7BB0D1293FD83800C5FE4A /* NewsFeedResponse.swift */,
				BB7BB0D3293FDAD300C5FE4A /* NewsFeedResult.swift */,
				BB47E0E7291A82EE0019CF8F /* News.swift */,
				BB7BB0CD293F8B5700C5FE4A /* NewsConfigurable.swift */,
				BBBE38F3292F9AD6001833DF /* Photo.swift */,
				BB6D84BB2934F14400D9A91A /* Photos.swift */,
				BB6D84B82934F13300D9A91A /* PhotoResponse.swift */,
				BB6D84B52934F11C00D9A91A /* PhotoResult.swift */,
				BB6D84A92934F0B700D9A91A /* FriendResult.swift */,
				BB6D84AC2934F0D700D9A91A /* Friends.swift */,
				BB6D84AF2934F0F000D9A91A /* GroupResult.swift */,
				BB6D84B22934F10700D9A91A /* Groups.swift */,
			);
			path = Models;
			sourceTree = "<group>";
		};
		BB2BD9DC2918EC140021C5C6 /* Views */ = {
			isa = PBXGroup;
			children = (
				BB2BD9DE2918ED880021C5C6 /* AvatarView.swift */,
				BB47E0EB291B0A9D0019CF8F /* LoaderView.swift */,
			);
			path = Views;
			sourceTree = "<group>";
		};
		BB2BD9DD2918ED430021C5C6 /* Cells */ = {
			isa = PBXGroup;
			children = (
				BB8B3B682913FB1600346D00 /* GroupTableCell.swift */,
				BB8B3B612913E04800346D00 /* OneFriendCell.swift */,
				BB8B3B572913CD7900346D00 /* FriendTableCell.swift */,
				BB47E0DF291A70AD0019CF8F /* NewsCell.swift */,
				BB617AF3293E4D61004752CB /* NewsTextCell.swift */,
				BB617AF4293E4D61004752CB /* NewsTextCell.xib */,
				BB47E0E0291A70AD0019CF8F /* NewsCell.xib */,
			);
			path = Cells;
			sourceTree = "<group>";
		};
		BB2C1C02292E3487009D8198 /* NetworkService */ = {
			isa = PBXGroup;
			children = (
				BB2C1C03292E35AE009D8198 /* NetworkService.swift */,
				BB2C1C06292E3721009D8198 /* Api.swift */,
				BB2C1C09292E43D7009D8198 /* RequestType.swift */,
			);
			path = NetworkService;
			sourceTree = "<group>";
		};
		BB4458D5292CFFC9004E6F35 /* Singleton */ = {
			isa = PBXGroup;
			children = (
				BB4458D6292D0BD1004E6F35 /* Session.swift */,
			);
			path = Singleton;
			sourceTree = "<group>";
		};
		BB47E0B9291908900019CF8F /* Controls */ = {
			isa = PBXGroup;
			children = (
				BB47E0BA291908BF0019CF8F /* LikesControl.swift */,
			);
			path = Controls;
			sourceTree = "<group>";
		};
		BB51D827291DF08E0020B639 /* SetTransitions */ = {
			isa = PBXGroup;
			children = (
				BB51D828291DF0BF0020B639 /* CustomPushAnimator.swift */,
				BB51D82B291DF0ED0020B639 /* CustomPopAnimator.swift */,
				BB51D832291DF27A0020B639 /* CustomInteractiveTransition.swift */,
			);
			path = SetTransitions;
			sourceTree = "<group>";
		};
		BB5F5D2229378B0E00172D04 /* Services */ = {
			isa = PBXGroup;
			children = (
				BB5F5D2329378B3200172D04 /* RealmService */,
				BB2C1C02292E3487009D8198 /* NetworkService */,
			);
			path = Services;
			sourceTree = "<group>";
		};
		BB5F5D2329378B3200172D04 /* RealmService */ = {
			isa = PBXGroup;
			children = (
				BB5F5D2429378B5300172D04 /* RealmService.swift */,
			);
			path = RealmService;
			sourceTree = "<group>";
		};
		BB8B3B3C29129AAE00346D00 /* Extensions */ = {
			isa = PBXGroup;
			children = (
				BB8B3B3D29129B1500346D00 /* UIViewController+Extension.swift */,
				BB2B9D742930AD9200892B4D /* UIImageView+Extension.swift */,
			);
			path = Extensions;
			sourceTree = "<group>";
		};
/* End PBXGroup section */

/* Begin PBXNativeTarget section */
		BB22B4A7290FD0750032AB8C /* VKapp */ = {
			isa = PBXNativeTarget;
			buildConfigurationList = BB22B4BC290FD0790032AB8C /* Build configuration list for PBXNativeTarget "VKapp" */;
			buildPhases = (
				37310D3657295C75D0FB842A /* [CP] Check Pods Manifest.lock */,
				BB22B4A4290FD0750032AB8C /* Sources */,
				BB22B4A5290FD0750032AB8C /* Frameworks */,
				BB22B4A6290FD0750032AB8C /* Resources */,
				BB47E0C129191A090019CF8F /* SwiftFormat */,
				BB22B4C0290FE12C0032AB8C /* SwiftLint */,
				EDC9231682E58A1BBE93A716 /* [CP] Embed Pods Frameworks */,
			);
			buildRules = (
			);
			dependencies = (
			);
			name = VKapp;
			productName = VKapp;
			productReference = BB22B4A8290FD0750032AB8C /* VKapp.app */;
			productType = "com.apple.product-type.application";
		};
/* End PBXNativeTarget section */

/* Begin PBXProject section */
		BB22B4A0290FD0750032AB8C /* Project object */ = {
			isa = PBXProject;
			attributes = {
				LastSwiftUpdateCheck = 1210;
				LastUpgradeCheck = 1210;
				TargetAttributes = {
					BB22B4A7290FD0750032AB8C = {
						CreatedOnToolsVersion = 12.1;
					};
				};
			};
			buildConfigurationList = BB22B4A3290FD0750032AB8C /* Build configuration list for PBXProject "VKapp" */;
			compatibilityVersion = "Xcode 9.3";
			developmentRegion = en;
			hasScannedForEncodings = 0;
			knownRegions = (
				en,
				Base,
			);
			mainGroup = BB22B49F290FD0750032AB8C;
			productRefGroup = BB22B4A9290FD0750032AB8C /* Products */;
			projectDirPath = "";
			projectRoot = "";
			targets = (
				BB22B4A7290FD0750032AB8C /* VKapp */,
			);
		};
/* End PBXProject section */

/* Begin PBXResourcesBuildPhase section */
		BB22B4A6290FD0750032AB8C /* Resources */ = {
			isa = PBXResourcesBuildPhase;
			buildActionMask = 2147483647;
			files = (
				BB22B4B8290FD0790032AB8C /* LaunchScreen.storyboard in Resources */,
				BB22B4EB2910631C0032AB8C /* Color.xcassets in Resources */,
				BB47E0E2291A70AD0019CF8F /* NewsCell.xib in Resources */,
				BB22B4B5290FD0790032AB8C /* Assets.xcassets in Resources */,
				BB22B4B3290FD0750032AB8C /* Main.storyboard in Resources */,
				BB617AF6293E4D61004752CB /* NewsTextCell.xib in Resources */,
			);
			runOnlyForDeploymentPostprocessing = 0;
		};
/* End PBXResourcesBuildPhase section */

/* Begin PBXShellScriptBuildPhase section */
		37310D3657295C75D0FB842A /* [CP] Check Pods Manifest.lock */ = {
			isa = PBXShellScriptBuildPhase;
			buildActionMask = 2147483647;
			files = (
			);
			inputFileListPaths = (
			);
			inputPaths = (
				"${PODS_PODFILE_DIR_PATH}/Podfile.lock",
				"${PODS_ROOT}/Manifest.lock",
			);
			name = "[CP] Check Pods Manifest.lock";
			outputFileListPaths = (
			);
			outputPaths = (
				"$(DERIVED_FILE_DIR)/Pods-VKapp-checkManifestLockResult.txt",
			);
			runOnlyForDeploymentPostprocessing = 0;
			shellPath = /bin/sh;
			shellScript = "diff \"${PODS_PODFILE_DIR_PATH}/Podfile.lock\" \"${PODS_ROOT}/Manifest.lock\" > /dev/null\nif [ $? != 0 ] ; then\n    # print error to STDERR\n    echo \"error: The sandbox is not in sync with the Podfile.lock. Run 'pod install' or update your CocoaPods installation.\" >&2\n    exit 1\nfi\n# This output is used by Xcode 'outputs' to avoid re-running this script phase.\necho \"SUCCESS\" > \"${SCRIPT_OUTPUT_FILE_0}\"\n";
			showEnvVarsInLog = 0;
		};
		BB22B4C0290FE12C0032AB8C /* SwiftLint */ = {
			isa = PBXShellScriptBuildPhase;
			buildActionMask = 2147483647;
			files = (
			);
			inputFileListPaths = (
			);
			inputPaths = (
			);
			name = SwiftLint;
			outputFileListPaths = (
			);
			outputPaths = (
			);
			runOnlyForDeploymentPostprocessing = 0;
			shellPath = /bin/sh;
			shellScript = "export PATH=/opt/homebrew/bin:$PATH\nif which swiftlint >/dev/null; then\n  swiftlint\nelse\n  echo \"error: SwiftLint does not exist, download it from https://github.com/realm/SwiftLint\"\n  exit 1\nfi\n";
		};
		BB47E0C129191A090019CF8F /* SwiftFormat */ = {
			isa = PBXShellScriptBuildPhase;
			buildActionMask = 2147483647;
			files = (
			);
			inputFileListPaths = (
			);
			inputPaths = (
			);
			name = SwiftFormat;
			outputFileListPaths = (
			);
			outputPaths = (
			);
			runOnlyForDeploymentPostprocessing = 0;
			shellPath = /bin/sh;
			shellScript = "if which swiftformat >/dev/null; then\n  swiftformat .\nelse\n  echo \"warning: SwiftFormat not installed, download from https://github.com/nicklockwood/SwiftFormat\"\nfi\n";
		};
		EDC9231682E58A1BBE93A716 /* [CP] Embed Pods Frameworks */ = {
			isa = PBXShellScriptBuildPhase;
			buildActionMask = 2147483647;
			files = (
			);
			inputFileListPaths = (
				"${PODS_ROOT}/Target Support Files/Pods-VKapp/Pods-VKapp-frameworks-${CONFIGURATION}-input-files.xcfilelist",
			);
			name = "[CP] Embed Pods Frameworks";
			outputFileListPaths = (
				"${PODS_ROOT}/Target Support Files/Pods-VKapp/Pods-VKapp-frameworks-${CONFIGURATION}-output-files.xcfilelist",
			);
			runOnlyForDeploymentPostprocessing = 0;
			shellPath = /bin/sh;
			shellScript = "\"${PODS_ROOT}/Target Support Files/Pods-VKapp/Pods-VKapp-frameworks.sh\"\n";
			showEnvVarsInLog = 0;
		};
/* End PBXShellScriptBuildPhase section */

/* Begin PBXSourcesBuildPhase section */
		BB22B4A4290FD0750032AB8C /* Sources */ = {
			isa = PBXSourcesBuildPhase;
			buildActionMask = 2147483647;
			files = (
				BB7BB0D0293FD26800C5FE4A /* NewsFeed.swift in Sources */,
				BB384FC4291D8ADF00DB8F8E /* ForTransitionController.swift in Sources */,
				BB47E0BB291908BF0019CF8F /* LikesControl.swift in Sources */,
				BB8B3B3E29129B1500346D00 /* UIViewController+Extension.swift in Sources */,
				BB8B3B5B2913CE7400346D00 /* User.swift in Sources */,
				BB8B3B5F2913E02800346D00 /* OneFriendController.swift in Sources */,
				BB2C1C07292E3721009D8198 /* Api.swift in Sources */,
				BB2C1C04292E35AE009D8198 /* NetworkService.swift in Sources */,
				BB8B3B6C2913FB2100346D00 /* Group.swift in Sources */,
				BB47E0E1291A70AD0019CF8F /* NewsCell.swift in Sources */,
				BB6D84AD2934F0D700D9A91A /* Friends.swift in Sources */,
				BB51D829291DF0BF0020B639 /* CustomPushAnimator.swift in Sources */,
				BB47E0EC291B0A9D0019CF8F /* LoaderView.swift in Sources */,
				BB8B3B692913FB1600346D00 /* GroupTableCell.swift in Sources */,
				BB51D82F291DF1540020B639 /* CustomNavigationController.swift in Sources */,
				BB8B3B542913CD5800346D00 /* FriendsController.swift in Sources */,
				BB51D833291DF27A0020B639 /* CustomInteractiveTransition.swift in Sources */,
				BB22B4B0290FD0750032AB8C /* LoginViewController.swift in Sources */,
				BBBE38F4292F9AD6001833DF /* Photo.swift in Sources */,
				BB617AF5293E4D61004752CB /* NewsTextCell.swift in Sources */,
				BB2B9D752930AD9200892B4D /* UIImageView+Extension.swift in Sources */,
				BB8B3B662913FAF400346D00 /* GroupsController.swift in Sources */,
				BB2BD9DF2918ED880021C5C6 /* AvatarView.swift in Sources */,
				BB47E0E8291A82EE0019CF8F /* News.swift in Sources */,
				BB2C1BFB292E0B3D009D8198 /* LoginWebViewViewController.swift in Sources */,
				BB47E0E5291A70F40019CF8F /* NewsController.swift in Sources */,
				BBBE38F7292FABE1001833DF /* Friend.swift in Sources */,
				BB22B4AC290FD0750032AB8C /* AppDelegate.swift in Sources */,
				BB4458D7292D0BD1004E6F35 /* Session.swift in Sources */,
				BB8B3B582913CD7900346D00 /* FriendTableCell.swift in Sources */,
				BB6D84AA2934F0B700D9A91A /* FriendResult.swift in Sources */,
				BB6D84B92934F13300D9A91A /* PhotoResponse.swift in Sources */,
				BB6D84B62934F11C00D9A91A /* PhotoResult.swift in Sources */,
				BB6D84B02934F0F000D9A91A /* GroupResult.swift in Sources */,
				BB7BB0D4293FDAD300C5FE4A /* NewsFeedResult.swift in Sources */,
				BB22B4AE290FD0750032AB8C /* SceneDelegate.swift in Sources */,
				BB6D84BC2934F14400D9A91A /* Photos.swift in Sources */,
				BB8B3B622913E04800346D00 /* OneFriendCell.swift in Sources */,
				BB51D82C291DF0ED0020B639 /* CustomPopAnimator.swift in Sources */,
				BB7BB0CE293F8B5700C5FE4A /* NewsConfigurable.swift in Sources */,
				BBFA6694291CDF0300D2EF63 /* OneFriendWithSwipeController.swift in Sources */,
				BB2C1C0A292E43D7009D8198 /* RequestType.swift in Sources */,
				BB7BB0D2293FD83800C5FE4A /* NewsFeedResponse.swift in Sources */,
				BB6D84B32934F10700D9A91A /* Groups.swift in Sources */,
				BB5F5D2529378B5300172D04 /* RealmService.swift in Sources */,
			);
			runOnlyForDeploymentPostprocessing = 0;
		};
/* End PBXSourcesBuildPhase section */

/* Begin PBXVariantGroup section */
		BB22B4B1290FD0750032AB8C /* Main.storyboard */ = {
			isa = PBXVariantGroup;
			children = (
				BB22B4B2290FD0750032AB8C /* Base */,
			);
			name = Main.storyboard;
			sourceTree = "<group>";
		};
		BB22B4B6290FD0790032AB8C /* LaunchScreen.storyboard */ = {
			isa = PBXVariantGroup;
			children = (
				BB22B4B7290FD0790032AB8C /* Base */,
			);
			name = LaunchScreen.storyboard;
			sourceTree = "<group>";
		};
/* End PBXVariantGroup section */

/* Begin XCBuildConfiguration section */
		BB22B4BA290FD0790032AB8C /* Debug */ = {
			isa = XCBuildConfiguration;
			buildSettings = {
				ALWAYS_SEARCH_USER_PATHS = NO;
				CLANG_ANALYZER_NONNULL = YES;
				CLANG_ANALYZER_NUMBER_OBJECT_CONVERSION = YES_AGGRESSIVE;
				CLANG_CXX_LANGUAGE_STANDARD = "gnu++14";
				CLANG_CXX_LIBRARY = "libc++";
				CLANG_ENABLE_MODULES = YES;
				CLANG_ENABLE_OBJC_ARC = YES;
				CLANG_ENABLE_OBJC_WEAK = YES;
				CLANG_WARN_BLOCK_CAPTURE_AUTORELEASING = YES;
				CLANG_WARN_BOOL_CONVERSION = YES;
				CLANG_WARN_COMMA = YES;
				CLANG_WARN_CONSTANT_CONVERSION = YES;
				CLANG_WARN_DEPRECATED_OBJC_IMPLEMENTATIONS = YES;
				CLANG_WARN_DIRECT_OBJC_ISA_USAGE = YES_ERROR;
				CLANG_WARN_DOCUMENTATION_COMMENTS = YES;
				CLANG_WARN_EMPTY_BODY = YES;
				CLANG_WARN_ENUM_CONVERSION = YES;
				CLANG_WARN_INFINITE_RECURSION = YES;
				CLANG_WARN_INT_CONVERSION = YES;
				CLANG_WARN_NON_LITERAL_NULL_CONVERSION = YES;
				CLANG_WARN_OBJC_IMPLICIT_RETAIN_SELF = YES;
				CLANG_WARN_OBJC_LITERAL_CONVERSION = YES;
				CLANG_WARN_OBJC_ROOT_CLASS = YES_ERROR;
				CLANG_WARN_QUOTED_INCLUDE_IN_FRAMEWORK_HEADER = YES;
				CLANG_WARN_RANGE_LOOP_ANALYSIS = YES;
				CLANG_WARN_STRICT_PROTOTYPES = YES;
				CLANG_WARN_SUSPICIOUS_MOVE = YES;
				CLANG_WARN_UNGUARDED_AVAILABILITY = YES_AGGRESSIVE;
				CLANG_WARN_UNREACHABLE_CODE = YES;
				CLANG_WARN__DUPLICATE_METHOD_MATCH = YES;
				COPY_PHASE_STRIP = NO;
				DEBUG_INFORMATION_FORMAT = dwarf;
				ENABLE_STRICT_OBJC_MSGSEND = YES;
				ENABLE_TESTABILITY = YES;
				GCC_C_LANGUAGE_STANDARD = gnu11;
				GCC_DYNAMIC_NO_PIC = NO;
				GCC_NO_COMMON_BLOCKS = YES;
				GCC_OPTIMIZATION_LEVEL = 0;
				GCC_PREPROCESSOR_DEFINITIONS = (
					"DEBUG=1",
					"$(inherited)",
				);
				GCC_WARN_64_TO_32_BIT_CONVERSION = YES;
				GCC_WARN_ABOUT_RETURN_TYPE = YES_ERROR;
				GCC_WARN_UNDECLARED_SELECTOR = YES;
				GCC_WARN_UNINITIALIZED_AUTOS = YES_AGGRESSIVE;
				GCC_WARN_UNUSED_FUNCTION = YES;
				GCC_WARN_UNUSED_VARIABLE = YES;
				IPHONEOS_DEPLOYMENT_TARGET = 14.1;
				MTL_ENABLE_DEBUG_INFO = INCLUDE_SOURCE;
				MTL_FAST_MATH = YES;
				ONLY_ACTIVE_ARCH = YES;
				SDKROOT = iphoneos;
				SWIFT_ACTIVE_COMPILATION_CONDITIONS = DEBUG;
				SWIFT_OPTIMIZATION_LEVEL = "-Onone";
			};
			name = Debug;
		};
		BB22B4BB290FD0790032AB8C /* Release */ = {
			isa = XCBuildConfiguration;
			buildSettings = {
				ALWAYS_SEARCH_USER_PATHS = NO;
				CLANG_ANALYZER_NONNULL = YES;
				CLANG_ANALYZER_NUMBER_OBJECT_CONVERSION = YES_AGGRESSIVE;
				CLANG_CXX_LANGUAGE_STANDARD = "gnu++14";
				CLANG_CXX_LIBRARY = "libc++";
				CLANG_ENABLE_MODULES = YES;
				CLANG_ENABLE_OBJC_ARC = YES;
				CLANG_ENABLE_OBJC_WEAK = YES;
				CLANG_WARN_BLOCK_CAPTURE_AUTORELEASING = YES;
				CLANG_WARN_BOOL_CONVERSION = YES;
				CLANG_WARN_COMMA = YES;
				CLANG_WARN_CONSTANT_CONVERSION = YES;
				CLANG_WARN_DEPRECATED_OBJC_IMPLEMENTATIONS = YES;
				CLANG_WARN_DIRECT_OBJC_ISA_USAGE = YES_ERROR;
				CLANG_WARN_DOCUMENTATION_COMMENTS = YES;
				CLANG_WARN_EMPTY_BODY = YES;
				CLANG_WARN_ENUM_CONVERSION = YES;
				CLANG_WARN_INFINITE_RECURSION = YES;
				CLANG_WARN_INT_CONVERSION = YES;
				CLANG_WARN_NON_LITERAL_NULL_CONVERSION = YES;
				CLANG_WARN_OBJC_IMPLICIT_RETAIN_SELF = YES;
				CLANG_WARN_OBJC_LITERAL_CONVERSION = YES;
				CLANG_WARN_OBJC_ROOT_CLASS = YES_ERROR;
				CLANG_WARN_QUOTED_INCLUDE_IN_FRAMEWORK_HEADER = YES;
				CLANG_WARN_RANGE_LOOP_ANALYSIS = YES;
				CLANG_WARN_STRICT_PROTOTYPES = YES;
				CLANG_WARN_SUSPICIOUS_MOVE = YES;
				CLANG_WARN_UNGUARDED_AVAILABILITY = YES_AGGRESSIVE;
				CLANG_WARN_UNREACHABLE_CODE = YES;
				CLANG_WARN__DUPLICATE_METHOD_MATCH = YES;
				COPY_PHASE_STRIP = NO;
				DEBUG_INFORMATION_FORMAT = "dwarf-with-dsym";
				ENABLE_NS_ASSERTIONS = NO;
				ENABLE_STRICT_OBJC_MSGSEND = YES;
				GCC_C_LANGUAGE_STANDARD = gnu11;
				GCC_NO_COMMON_BLOCKS = YES;
				GCC_WARN_64_TO_32_BIT_CONVERSION = YES;
				GCC_WARN_ABOUT_RETURN_TYPE = YES_ERROR;
				GCC_WARN_UNDECLARED_SELECTOR = YES;
				GCC_WARN_UNINITIALIZED_AUTOS = YES_AGGRESSIVE;
				GCC_WARN_UNUSED_FUNCTION = YES;
				GCC_WARN_UNUSED_VARIABLE = YES;
				IPHONEOS_DEPLOYMENT_TARGET = 14.1;
				MTL_ENABLE_DEBUG_INFO = NO;
				MTL_FAST_MATH = YES;
				SDKROOT = iphoneos;
				SWIFT_COMPILATION_MODE = wholemodule;
				SWIFT_OPTIMIZATION_LEVEL = "-O";
				VALIDATE_PRODUCT = YES;
			};
			name = Release;
		};
		BB22B4BD290FD0790032AB8C /* Debug */ = {
			isa = XCBuildConfiguration;
			baseConfigurationReference = C4292261893883C18AC1A9A5 /* Pods-VKapp.debug.xcconfig */;
			buildSettings = {
				ASSETCATALOG_COMPILER_APPICON_NAME = AppIcon;
				ASSETCATALOG_COMPILER_GLOBAL_ACCENT_COLOR_NAME = AccentColor;
				CODE_SIGN_STYLE = Automatic;
				DEVELOPMENT_TEAM = 6WW6D9N6J7;
				INFOPLIST_FILE = VKapp/Info.plist;
				LD_RUNPATH_SEARCH_PATHS = (
					"$(inherited)",
					"@executable_path/Frameworks",
				);
				PRODUCT_BUNDLE_IDENTIFIER = "ru.koskin-val-mail.VKapp";
				PRODUCT_NAME = "$(TARGET_NAME)";
				SWIFT_VERSION = 5.0;
				TARGETED_DEVICE_FAMILY = "1,2";
			};
			name = Debug;
		};
		BB22B4BE290FD0790032AB8C /* Release */ = {
			isa = XCBuildConfiguration;
			baseConfigurationReference = 544838850AEB94C4855676CB /* Pods-VKapp.release.xcconfig */;
			buildSettings = {
				ASSETCATALOG_COMPILER_APPICON_NAME = AppIcon;
				ASSETCATALOG_COMPILER_GLOBAL_ACCENT_COLOR_NAME = AccentColor;
				CODE_SIGN_STYLE = Automatic;
				DEVELOPMENT_TEAM = 6WW6D9N6J7;
				INFOPLIST_FILE = VKapp/Info.plist;
				LD_RUNPATH_SEARCH_PATHS = (
					"$(inherited)",
					"@executable_path/Frameworks",
				);
				PRODUCT_BUNDLE_IDENTIFIER = "ru.koskin-val-mail.VKapp";
				PRODUCT_NAME = "$(TARGET_NAME)";
				SWIFT_VERSION = 5.0;
				TARGETED_DEVICE_FAMILY = "1,2";
			};
			name = Release;
		};
/* End XCBuildConfiguration section */

/* Begin XCConfigurationList section */
		BB22B4A3290FD0750032AB8C /* Build configuration list for PBXProject "VKapp" */ = {
			isa = XCConfigurationList;
			buildConfigurations = (
				BB22B4BA290FD0790032AB8C /* Debug */,
				BB22B4BB290FD0790032AB8C /* Release */,
			);
			defaultConfigurationIsVisible = 0;
			defaultConfigurationName = Release;
		};
		BB22B4BC290FD0790032AB8C /* Build configuration list for PBXNativeTarget "VKapp" */ = {
			isa = XCConfigurationList;
			buildConfigurations = (
				BB22B4BD290FD0790032AB8C /* Debug */,
				BB22B4BE290FD0790032AB8C /* Release */,
			);
			defaultConfigurationIsVisible = 0;
			defaultConfigurationName = Release;
		};
/* End XCConfigurationList section */
	};
	rootObject = BB22B4A0290FD0750032AB8C /* Project object */;
}
